
Microsoft Visual Studio Solution File, Format Version 12.00
# Visual Studio Version 17
VisualStudioVersion = 17.3.32804.467
MinimumVisualStudioVersion = 10.0.40219.1
Project("{8BC9CEB8-8B4A-11D0-8D11-00A0C91BC942}") = "PropuskStudent", "PropuskStudent\PropuskStudent.vcxproj", "{A58D181B-95FC-4E1C-97D3-E0E4FD1FF2B8}"
EndProject
Global
	GlobalSection(SolutionConfigurationPlatforms) = preSolution
		Debug|x64 = Debug|x64
		Debug|x86 = Debug|x86
		Release|x64 = Release|x64
		Release|x86 = Release|x86
	EndGlobalSection
	GlobalSection(ProjectConfigurationPlatforms) = postSolution
		{A58D181B-95FC-4E1C-97D3-E0E4FD1FF2B8}.Debug|x64.ActiveCfg = Debug|x64
		{A58D181B-95FC-4E1C-97D3-E0E4FD1FF2B8}.Debug|x64.Build.0 = Debug|x64
		{A58D181B-95FC-4E1C-97D3-E0E4FD1FF2B8}.Debug|x86.ActiveCfg = Debug|Win32
		{A58D181B-95FC-4E1C-97D3-E0E4FD1FF2B8}.Debug|x86.Build.0 = Debug|Win32
		{A58D181B-95FC-4E1C-97D3-E0E4FD1FF2B8}.Release|x64.ActiveCfg = Release|x64
		{A58D181B-95FC-4E1C-97D3-E0E4FD1FF2B8}.Release|x64.Build.0 = Release|x64
		{A58D181B-95FC-4E1C-97D3-E0E4FD1FF2B8}.Release|x86.ActiveCfg = Release|Win32
		{A58D181B-95FC-4E1C-97D3-E0E4FD1FF2B8}.Release|x86.Build.0 = Release|Win32
	EndGlobalSection
	GlobalSection(SolutionProperties) = preSolution
		HideSolutionNode = FALSE
	EndGlobalSection
	GlobalSection(ExtensibilityGlobals) = postSolution
		SolutionGuid = {DB872204-760B-4483-BD12-7F3D10E7078F}
	EndGlobalSection
EndGlobal
